
Microsoft Visual Studio Solution File, Format Version 12.00
# Visual Studio 2012
Project("{FAE04EC0-301F-11D3-BF4B-00C04F79EFBC}") = "QLSV", "QLSV\QLSV.csproj", "{96A1E8B4-773D-492D-AD1F-C9AED5FF5B74}"
EndProject
Project("{FAE04EC0-301F-11D3-BF4B-00C04F79EFBC}") = "QLSV.Data", "QLSV.Data\QLSV.Data.csproj", "{35BA2C6D-3662-41E4-B2BE-1CCFC7A7365B}"
EndProject
Project("{FAE04EC0-301F-11D3-BF4B-00C04F79EFBC}") = "QLSV.Bussiness", "QLSV.Bussiness\QLSV.Bussiness.csproj", "{A2525497-5680-4DF6-BC78-F35A639694EB}"
EndProject
Global
	GlobalSection(SolutionConfigurationPlatforms) = preSolution
		Debug|Any CPU = Debug|Any CPU
		Release|Any CPU = Release|Any CPU
	EndGlobalSection
	GlobalSection(ProjectConfigurationPlatforms) = postSolution
		{96A1E8B4-773D-492D-AD1F-C9AED5FF5B74}.Debug|Any CPU.ActiveCfg = Debug|Any CPU
		{96A1E8B4-773D-492D-AD1F-C9AED5FF5B74}.Debug|Any CPU.Build.0 = Debug|Any CPU
		{96A1E8B4-773D-492D-AD1F-C9AED5FF5B74}.Release|Any CPU.ActiveCfg = Release|Any CPU
		{96A1E8B4-773D-492D-AD1F-C9AED5FF5B74}.Release|Any CPU.Build.0 = Release|Any CPU
		{35BA2C6D-3662-41E4-B2BE-1CCFC7A7365B}.Debug|Any CPU.ActiveCfg = Debug|Any CPU
		{35BA2C6D-3662-41E4-B2BE-1CCFC7A7365B}.Debug|Any CPU.Build.0 = Debug|Any CPU
		{35BA2C6D-3662-41E4-B2BE-1CCFC7A7365B}.Release|Any CPU.ActiveCfg = Release|Any CPU
		{35BA2C6D-3662-41E4-B2BE-1CCFC7A7365B}.Release|Any CPU.Build.0 = Release|Any CPU
		{A2525497-5680-4DF6-BC78-F35A639694EB}.Debug|Any CPU.ActiveCfg = Debug|Any CPU
		{A2525497-5680-4DF6-BC78-F35A639694EB}.Debug|Any CPU.Build.0 = Debug|Any CPU
		{A2525497-5680-4DF6-BC78-F35A639694EB}.Release|Any CPU.ActiveCfg = Release|Any CPU
		{A2525497-5680-4DF6-BC78-F35A639694EB}.Release|Any CPU.Build.0 = Release|Any CPU
	EndGlobalSection
	GlobalSection(SolutionProperties) = preSolution
		HideSolutionNode = FALSE
	EndGlobalSection
EndGlobal
